{
  "name": "thealphaleopard.github.io",
  "lockfileVersion": 3,
  "requires": true,
  "packages": {
    "": {
      "dependencies": {
        "rrweb": "^2.0.0-alpha.4"
      }
    },
    "node_modules/@rrweb/types": {
      "version": "2.0.0-alpha.16",
      "resolved": "https://registry.npmjs.org/@rrweb/types/-/types-2.0.0-alpha.16.tgz",
      "integrity": "sha512-E6cACNVsm+NUhn7dzocQoKyXI7BHrHRRm5Ab23yrAzEQ2caWocCEYJhqDlc4KRVJBkQfXZfyWm8+2d0uggFuZg==",
      "dependencies": {
        "rrweb-snapshot": "^2.0.0-alpha.16"
      }
    },
    "node_modules/@types/css-font-loading-module": {
      "version": "0.0.7",
      "resolved": "https://registry.npmjs.org/@types/css-font-loading-module/-/css-font-loading-module-0.0.7.tgz",
      "integrity": "sha512-nl09VhutdjINdWyXxHWN/w9zlNCfr60JUqJbd24YXUuCwgeL0TpFSdElCwb6cxfB6ybE19Gjj4g0jsgkXxKv1Q=="
    },
    "node_modules/@xstate/fsm": {
      "version": "1.6.5",
      "resolved": "https://registry.npmjs.org/@xstate/fsm/-/fsm-1.6.5.tgz",
      "integrity": "sha512-b5o1I6aLNeYlU/3CPlj/Z91ybk1gUsKT+5NAJI+2W4UjvS5KLG28K9v5UvNoFVjHV8PajVZ00RH3vnjyQO7ZAw=="
    },
    "node_modules/base64-arraybuffer": {
      "version": "1.0.2",
      "resolved": "https://registry.npmjs.org/base64-arraybuffer/-/base64-arraybuffer-1.0.2.tgz",
      "integrity": "sha512-I3yl4r9QB5ZRY3XuJVEPfc2XhZO6YweFPI+UovAzn+8/hb3oJ6lnysaFcjVpkCPfVWFUDvoZ8kmVDP7WyRtYtQ==",
      "engines": {
        "node": ">= 0.6.0"
      }
    },
    "node_modules/fflate": {
      "version": "0.4.8",
      "resolved": "https://registry.npmjs.org/fflate/-/fflate-0.4.8.tgz",
      "integrity": "sha512-FJqqoDBR00Mdj9ppamLa/Y7vxm+PRmNWA67N846RvsoYVMKB4q3y/de5PA7gUmRMYK/8CMz2GDZQmCRN1wBcWA=="
    },
    "node_modules/mitt": {
      "version": "3.0.1",
      "resolved": "https://registry.npmjs.org/mitt/-/mitt-3.0.1.tgz",
      "integrity": "sha512-vKivATfr97l2/QBCYAkXYDbrIWPM2IIKEl7YPhjCvKlG3kE2gm+uBo6nEXK3M5/Ffh/FLpKExzOQ3JJoJGFKBw=="
    },
    "node_modules/rrdom": {
      "version": "0.1.7",
      "resolved": "https://registry.npmjs.org/rrdom/-/rrdom-0.1.7.tgz",
      "integrity": "sha512-ZLd8f14z9pUy2Hk9y636cNv5Y2BMnNEY99wxzW9tD2BLDfe1xFxtLjB4q/xCBYo6HRe0wofzKzjm4JojmpBfFw==",
      "dependencies": {
        "rrweb-snapshot": "^2.0.0-alpha.4"
      }
    },
    "node_modules/rrweb": {
      "version": "2.0.0-alpha.4",
      "resolved": "https://registry.npmjs.org/rrweb/-/rrweb-2.0.0-alpha.4.tgz",
      "integrity": "sha512-wEHUILbxDPcNwkM3m4qgPgXAiBJyqCbbOHyVoNEVBJzHszWEFYyTbrZqUdeb1EfmTRC2PsumCIkVcomJ/xcOzA==",
      "dependencies": {
        "@rrweb/types": "^2.0.0-alpha.4",
        "@types/css-font-loading-module": "0.0.7",
        "@xstate/fsm": "^1.4.0",
        "base64-arraybuffer": "^1.0.1",
        "fflate": "^0.4.4",
        "mitt": "^3.0.0",
        "rrdom": "^0.1.7",
        "rrweb-snapshot": "^2.0.0-alpha.4"
      }
    },
    "node_modules/rrweb-snapshot": {
      "version": "2.0.0-alpha.16",
      "resolved": "https://registry.npmjs.org/rrweb-snapshot/-/rrweb-snapshot-2.0.0-alpha.16.tgz",
      "integrity": "sha512-p81OrzUiCmUMZzJu4fGHeLB00PIbVIqsV/zhqzr2pitHTUXpMYcyOvDWt0vHdla0vnowEPaHq3Wsu6cUc732/w=="
    }
  }
}
